
Microsoft Visual Studio Solution File, Format Version 12.00
# Visual Studio Version 17
VisualStudioVersion = 17.0.32014.148
MinimumVisualStudioVersion = 10.0.40219.1
Project("{FAE04EC0-301F-11D3-BF4B-00C04F79EFBC}") = "MemoryLibraryCS", "MemoryLibraryCS\MemoryLibraryCS.csproj", "{B547A9BE-7499-451A-9995-AC125F738D8D}"
EndProject
Global
	GlobalSection(SolutionConfigurationPlatforms) = preSolution
		Debug|Any CPU = Debug|Any CPU
		Release|Any CPU = Release|Any CPU
	EndGlobalSection
	GlobalSection(ProjectConfigurationPlatforms) = postSolution
		{B547A9BE-7499-451A-9995-AC125F738D8D}.Debug|Any CPU.ActiveCfg = Debug|Any CPU
		{B547A9BE-7499-451A-9995-AC125F738D8D}.Debug|Any CPU.Build.0 = Debug|Any CPU
		{B547A9BE-7499-451A-9995-AC125F738D8D}.Release|Any CPU.ActiveCfg = Release|Any CPU
		{B547A9BE-7499-451A-9995-AC125F738D8D}.Release|Any CPU.Build.0 = Release|Any CPU
	EndGlobalSection
	GlobalSection(SolutionProperties) = preSolution
		HideSolutionNode = FALSE
	EndGlobalSection
	GlobalSection(ExtensibilityGlobals) = postSolution
		SolutionGuid = {E3694BB6-5E5C-4D98-B176-47132EE17A0D}
	EndGlobalSection
EndGlobal
